// !$*UTF8*$!
{
	archiveVersion = 1;
	classes = {
	};
	objectVersion = 48;
	objects = {

/* Begin PBXBuildFile section */
		CA09CB261F4D1B67008D9630 /* AppDelegate.swift in Sources */ = {isa = PBXBuildFile; fileRef = CA09CB251F4D1B67008D9630 /* AppDelegate.swift */; };
		CA09CB2B1F4D1B67008D9630 /* Main.storyboard in Resources */ = {isa = PBXBuildFile; fileRef = CA09CB291F4D1B67008D9630 /* Main.storyboard */; };
		CA09CB2D1F4D1B67008D9630 /* Assets.xcassets in Resources */ = {isa = PBXBuildFile; fileRef = CA09CB2C1F4D1B67008D9630 /* Assets.xcassets */; };
		CA09CB301F4D1B67008D9630 /* LaunchScreen.storyboard in Resources */ = {isa = PBXBuildFile; fileRef = CA09CB2E1F4D1B67008D9630 /* LaunchScreen.storyboard */; };
		CA09CB391F4D1EB7008D9630 /* ChatStackViewController.swift in Sources */ = {isa = PBXBuildFile; fileRef = CA09CB371F4D1C01008D9630 /* ChatStackViewController.swift */; };
		CA09CB431F4D5DA0008D9630 /* ChatTableViewController.swift in Sources */ = {isa = PBXBuildFile; fileRef = CA09CB421F4D5DA0008D9630 /* ChatTableViewController.swift */; };
		CA09CB451F4DD0F6008D9630 /* ChatTableViewCell.swift in Sources */ = {isa = PBXBuildFile; fileRef = CA09CB441F4DD0F6008D9630 /* ChatTableViewCell.swift */; };
		CACFB7F61F4DDD6C0068478F /* UIView+RoundedCorners.swift in Sources */ = {isa = PBXBuildFile; fileRef = CACFB7F51F4DDD6C0068478F /* UIView+RoundedCorners.swift */; };
/* End PBXBuildFile section */

/* Begin PBXFileReference section */
		CA09CB221F4D1B66008D9630 /* benjamin.app */ = {isa = PBXFileReference; explicitFileType = wrapper.application; includeInIndex = 0; path = benjamin.app; sourceTree = BUILT_PRODUCTS_DIR; };
		CA09CB251F4D1B67008D9630 /* AppDelegate.swift */ = {isa = PBXFileReference; lastKnownFileType = sourcecode.swift; path = AppDelegate.swift; sourceTree = "<group>"; };
		CA09CB2A1F4D1B67008D9630 /* Base */ = {isa = PBXFileReference; lastKnownFileType = file.storyboard; name = Base; path = Base.lproj/Main.storyboard; sourceTree = "<group>"; };
		CA09CB2C1F4D1B67008D9630 /* Assets.xcassets */ = {isa = PBXFileReference; lastKnownFileType = folder.assetcatalog; path = Assets.xcassets; sourceTree = "<group>"; };
		CA09CB2F1F4D1B67008D9630 /* Base */ = {isa = PBXFileReference; lastKnownFileType = file.storyboard; name = Base; path = Base.lproj/LaunchScreen.storyboard; sourceTree = "<group>"; };
		CA09CB311F4D1B67008D9630 /* Info.plist */ = {isa = PBXFileReference; lastKnownFileType = text.plist.xml; path = Info.plist; sourceTree = "<group>"; };
		CA09CB371F4D1C01008D9630 /* ChatStackViewController.swift */ = {isa = PBXFileReference; lastKnownFileType = sourcecode.swift; path = ChatStackViewController.swift; sourceTree = "<group>"; };
		CA09CB421F4D5DA0008D9630 /* ChatTableViewController.swift */ = {isa = PBXFileReference; lastKnownFileType = sourcecode.swift; path = ChatTableViewController.swift; sourceTree = "<group>"; };
		CA09CB441F4DD0F6008D9630 /* ChatTableViewCell.swift */ = {isa = PBXFileReference; lastKnownFileType = sourcecode.swift; path = ChatTableViewCell.swift; sourceTree = "<group>"; };
		CACFB7F51F4DDD6C0068478F /* UIView+RoundedCorners.swift */ = {isa = PBXFileReference; lastKnownFileType = sourcecode.swift; path = "UIView+RoundedCorners.swift"; sourceTree = "<group>"; };
/* End PBXFileReference section */

/* Begin PBXFrameworksBuildPhase section */
		CA09CB1F1F4D1B66008D9630 /* Frameworks */ = {
			isa = PBXFrameworksBuildPhase;
			buildActionMask = 2147483647;
			files = (
			);
			runOnlyForDeploymentPostprocessing = 0;
		};
/* End PBXFrameworksBuildPhase section */

/* Begin PBXGroup section */
		CA09CB191F4D1B66008D9630 = {
			isa = PBXGroup;
			children = (
				CA09CB241F4D1B66008D9630 /* benjamin */,
				CA09CB231F4D1B66008D9630 /* Products */,
			);
			sourceTree = "<group>";
		};
		CA09CB231F4D1B66008D9630 /* Products */ = {
			isa = PBXGroup;
			children = (
				CA09CB221F4D1B66008D9630 /* benjamin.app */,
			);
			name = Products;
			sourceTree = "<group>";
		};
		CA09CB241F4D1B66008D9630 /* benjamin */ = {
			isa = PBXGroup;
			children = (
				CA09CB251F4D1B67008D9630 /* AppDelegate.swift */,
				CA09CB291F4D1B67008D9630 /* Main.storyboard */,
				CA09CB2C1F4D1B67008D9630 /* Assets.xcassets */,
				CA09CB2E1F4D1B67008D9630 /* LaunchScreen.storyboard */,
				CA09CB311F4D1B67008D9630 /* Info.plist */,
				CA09CB371F4D1C01008D9630 /* ChatStackViewController.swift */,
				CA09CB421F4D5DA0008D9630 /* ChatTableViewController.swift */,
				CA09CB441F4DD0F6008D9630 /* ChatTableViewCell.swift */,
				CACFB7F51F4DDD6C0068478F /* UIView+RoundedCorners.swift */,
			);
			path = benjamin;
			sourceTree = "<group>";
		};
/* End PBXGroup section */

/* Begin PBXNativeTarget section */
		CA09CB211F4D1B66008D9630 /* benjamin */ = {
			isa = PBXNativeTarget;
			buildConfigurationList = CA09CB341F4D1B67008D9630 /* Build configuration list for PBXNativeTarget "benjamin" */;
			buildPhases = (
				CA09CB1E1F4D1B66008D9630 /* Sources */,
				CA09CB1F1F4D1B66008D9630 /* Frameworks */,
				CA09CB201F4D1B66008D9630 /* Resources */,
			);
			buildRules = (
			);
			dependencies = (
			);
			name = benjamin;
			productName = benjamin;
			productReference = CA09CB221F4D1B66008D9630 /* benjamin.app */;
			productType = "com.apple.product-type.application";
		};
/* End PBXNativeTarget section */

/* Begin PBXProject section */
		CA09CB1A1F4D1B66008D9630 /* Project object */ = {
			isa = PBXProject;
			attributes = {
				LastSwiftUpdateCheck = 0900;
				LastUpgradeCheck = 0900;
				ORGANIZATIONNAME = "Elevate Digital";
				TargetAttributes = {
					CA09CB211F4D1B66008D9630 = {
						CreatedOnToolsVersion = 9.0;
						ProvisioningStyle = Automatic;
					};
				};
			};
			buildConfigurationList = CA09CB1D1F4D1B66008D9630 /* Build configuration list for PBXProject "benjamin" */;
			compatibilityVersion = "Xcode 8.0";
			developmentRegion = en;
			hasScannedForEncodings = 0;
			knownRegions = (
				en,
				Base,
			);
			mainGroup = CA09CB191F4D1B66008D9630;
			productRefGroup = CA09CB231F4D1B66008D9630 /* Products */;
			projectDirPath = "";
			projectRoot = "";
			targets = (
				CA09CB211F4D1B66008D9630 /* benjamin */,
			);
		};
/* End PBXProject section */

/* Begin PBXResourcesBuildPhase section */
		CA09CB201F4D1B66008D9630 /* Resources */ = {
			isa = PBXResourcesBuildPhase;
			buildActionMask = 2147483647;
			files = (
				CA09CB301F4D1B67008D9630 /* LaunchScreen.storyboard in Resources */,
				CA09CB2D1F4D1B67008D9630 /* Assets.xcassets in Resources */,
				CA09CB2B1F4D1B67008D9630 /* Main.storyboard in Resources */,
			);
			runOnlyForDeploymentPostprocessing = 0;
		};
/* End PBXResourcesBuildPhase section */

/* Begin PBXSourcesBuildPhase section */
		CA09CB1E1F4D1B66008D9630 /* Sources */ = {
			isa = PBXSourcesBuildPhase;
			buildActionMask = 2147483647;
			files = (
				CA09CB391F4D1EB7008D9630 /* ChatStackViewController.swift in Sources */,
				CA09CB451F4DD0F6008D9630 /* ChatTableViewCell.swift in Sources */,
				CACFB7F61F4DDD6C0068478F /* UIView+RoundedCorners.swift in Sources */,
				CA09CB261F4D1B67008D9630 /* AppDelegate.swift in Sources */,
				CA09CB431F4D5DA0008D9630 /* ChatTableViewController.swift in Sources */,
			);
			runOnlyForDeploymentPostprocessing = 0;
		};
/* End PBXSourcesBuildPhase section */

/* Begin PBXVariantGroup section */
		CA09CB291F4D1B67008D9630 /* Main.storyboard */ = {
			isa = PBXVariantGroup;
			children = (
				CA09CB2A1F4D1B67008D9630 /* Base */,
			);
			name = Main.storyboard;
			sourceTree = "<group>";
		};
		CA09CB2E1F4D1B67008D9630 /* LaunchScreen.storyboard */ = {
			isa = PBXVariantGroup;
			children = (
				CA09CB2F1F4D1B67008D9630 /* Base */,
			);
			name = LaunchScreen.storyboard;
			sourceTree = "<group>";
		};
/* End PBXVariantGroup section */

/* Begin XCBuildConfiguration section */
		CA09CB321F4D1B67008D9630 /* Debug */ = {
			isa = XCBuildConfiguration;
			buildSettings = {
				ALWAYS_SEARCH_USER_PATHS = NO;
				CLANG_ANALYZER_NONNULL = YES;
				CLANG_ANALYZER_NUMBER_OBJECT_CONVERSION = YES_AGGRESSIVE;
				CLANG_CXX_LANGUAGE_STANDARD = "gnu++14";
				CLANG_CXX_LIBRARY = "libc++";
				CLANG_ENABLE_MODULES = YES;
				CLANG_ENABLE_OBJC_ARC = YES;
				CLANG_WARN_BLOCK_CAPTURE_AUTORELEASING = YES;
				CLANG_WARN_BOOL_CONVERSION = YES;
				CLANG_WARN_COMMA = YES;
				CLANG_WARN_CONSTANT_CONVERSION = YES;
				CLANG_WARN_DIRECT_OBJC_ISA_USAGE = YES_ERROR;
				CLANG_WARN_DOCUMENTATION_COMMENTS = YES;
				CLANG_WARN_EMPTY_BODY = YES;
				CLANG_WARN_ENUM_CONVERSION = YES;
				CLANG_WARN_INFINITE_RECURSION = YES;
				CLANG_WARN_INT_CONVERSION = YES;
				CLANG_WARN_NON_LITERAL_NULL_CONVERSION = YES;
				CLANG_WARN_OBJC_LITERAL_CONVERSION = YES;
				CLANG_WARN_OBJC_ROOT_CLASS = YES_ERROR;
				CLANG_WARN_RANGE_LOOP_ANALYSIS = YES;
				CLANG_WARN_STRICT_PROTOTYPES = YES;
				CLANG_WARN_SUSPICIOUS_MOVE = YES;
				CLANG_WARN_UNGUARDED_AVAILABILITY = YES_AGGRESSIVE;
				CLANG_WARN_UNREACHABLE_CODE = YES;
				CLANG_WARN__DUPLICATE_METHOD_MATCH = YES;
				CODE_SIGN_IDENTITY = "iPhone Developer";
				COPY_PHASE_STRIP = NO;
				DEBUG_INFORMATION_FORMAT = dwarf;
				ENABLE_STRICT_OBJC_MSGSEND = YES;
				ENABLE_TESTABILITY = YES;
				GCC_C_LANGUAGE_STANDARD = gnu11;
				GCC_DYNAMIC_NO_PIC = NO;
				GCC_NO_COMMON_BLOCKS = YES;
				GCC_OPTIMIZATION_LEVEL = 0;
				GCC_PREPROCESSOR_DEFINITIONS = (
					"DEBUG=1",
					"$(inherited)",
				);
				GCC_WARN_64_TO_32_BIT_CONVERSION = YES;
				GCC_WARN_ABOUT_RETURN_TYPE = YES_ERROR;
				GCC_WARN_UNDECLARED_SELECTOR = YES;
				GCC_WARN_UNINITIALIZED_AUTOS = YES_AGGRESSIVE;
				GCC_WARN_UNUSED_FUNCTION = YES;
				GCC_WARN_UNUSED_VARIABLE = YES;
				IPHONEOS_DEPLOYMENT_TARGET = 11.0;
				MTL_ENABLE_DEBUG_INFO = YES;
				ONLY_ACTIVE_ARCH = YES;
				SDKROOT = iphoneos;
				SWIFT_ACTIVE_COMPILATION_CONDITIONS = DEBUG;
				SWIFT_OPTIMIZATION_LEVEL = "-Onone";
			};
			name = Debug;
		};
		CA09CB331F4D1B67008D9630 /* Release */ = {
			isa = XCBuildConfiguration;
			buildSettings = {
				ALWAYS_SEARCH_USER_PATHS = NO;
				CLANG_ANALYZER_NONNULL = YES;
				CLANG_ANALYZER_NUMBER_OBJECT_CONVERSION = YES_AGGRESSIVE;
				CLANG_CXX_LANGUAGE_STANDARD = "gnu++14";
				CLANG_CXX_LIBRARY = "libc++";
				CLANG_ENABLE_MODULES = YES;
				CLANG_ENABLE_OBJC_ARC = YES;
				CLANG_WARN_BLOCK_CAPTURE_AUTORELEASING = YES;
				CLANG_WARN_BOOL_CONVERSION = YES;
				CLANG_WARN_COMMA = YES;
				CLANG_WARN_CONSTANT_CONVERSION = YES;
				CLANG_WARN_DIRECT_OBJC_ISA_USAGE = YES_ERROR;
				CLANG_WARN_DOCUMENTATION_COMMENTS = YES;
				CLANG_WARN_EMPTY_BODY = YES;
				CLANG_WARN_ENUM_CONVERSION = YES;
				CLANG_WARN_INFINITE_RECURSION = YES;
				CLANG_WARN_INT_CONVERSION = YES;
				CLANG_WARN_NON_LITERAL_NULL_CONVERSION = YES;
				CLANG_WARN_OBJC_LITERAL_CONVERSION = YES;
				CLANG_WARN_OBJC_ROOT_CLASS = YES_ERROR;
				CLANG_WARN_RANGE_LOOP_ANALYSIS = YES;
				CLANG_WARN_STRICT_PROTOTYPES = YES;
				CLANG_WARN_SUSPICIOUS_MOVE = YES;
				CLANG_WARN_UNGUARDED_AVAILABILITY = YES_AGGRESSIVE;
				CLANG_WARN_UNREACHABLE_CODE = YES;
				CLANG_WARN__DUPLICATE_METHOD_MATCH = YES;
				CODE_SIGN_IDENTITY = "iPhone Developer";
				COPY_PHASE_STRIP = NO;
				DEBUG_INFORMATION_FORMAT = "dwarf-with-dsym";
				ENABLE_NS_ASSERTIONS = NO;
				ENABLE_STRICT_OBJC_MSGSEND = YES;
				GCC_C_LANGUAGE_STANDARD = gnu11;
				GCC_NO_COMMON_BLOCKS = YES;
				GCC_WARN_64_TO_32_BIT_CONVERSION = YES;
				GCC_WARN_ABOUT_RETURN_TYPE = YES_ERROR;
				GCC_WARN_UNDECLARED_SELECTOR = YES;
				GCC_WARN_UNINITIALIZED_AUTOS = YES_AGGRESSIVE;
				GCC_WARN_UNUSED_FUNCTION = YES;
				GCC_WARN_UNUSED_VARIABLE = YES;
				IPHONEOS_DEPLOYMENT_TARGET = 11.0;
				MTL_ENABLE_DEBUG_INFO = NO;
				SDKROOT = iphoneos;
				SWIFT_OPTIMIZATION_LEVEL = "-Owholemodule";
				VALIDATE_PRODUCT = YES;
			};
			name = Release;
		};
		CA09CB351F4D1B67008D9630 /* Debug */ = {
			isa = XCBuildConfiguration;
			buildSettings = {
				ASSETCATALOG_COMPILER_APPICON_NAME = AppIcon;
				CODE_SIGN_STYLE = Automatic;
				DEVELOPMENT_TEAM = HPU83DG9J6;
				INFOPLIST_FILE = benjamin/Info.plist;
				LD_RUNPATH_SEARCH_PATHS = "$(inherited) @executable_path/Frameworks";
				PRODUCT_BUNDLE_IDENTIFIER = elevatedigital.benjamin;
				PRODUCT_NAME = "$(TARGET_NAME)";
				SWIFT_VERSION = 4.0;
				TARGETED_DEVICE_FAMILY = "1,2";
			};
			name = Debug;
		};
		CA09CB361F4D1B67008D9630 /* Release */ = {
			isa = XCBuildConfiguration;
			buildSettings = {
				ASSETCATALOG_COMPILER_APPICON_NAME = AppIcon;
				CODE_SIGN_STYLE = Automatic;
				DEVELOPMENT_TEAM = HPU83DG9J6;
				INFOPLIST_FILE = benjamin/Info.plist;
				LD_RUNPATH_SEARCH_PATHS = "$(inherited) @executable_path/Frameworks";
				PRODUCT_BUNDLE_IDENTIFIER = elevatedigital.benjamin;
				PRODUCT_NAME = "$(TARGET_NAME)";
				SWIFT_VERSION = 4.0;
				TARGETED_DEVICE_FAMILY = "1,2";
			};
			name = Release;
		};
/* End XCBuildConfiguration section */

/* Begin XCConfigurationList section */
		CA09CB1D1F4D1B66008D9630 /* Build configuration list for PBXProject "benjamin" */ = {
			isa = XCConfigurationList;
			buildConfigurations = (
				CA09CB321F4D1B67008D9630 /* Debug */,
				CA09CB331F4D1B67008D9630 /* Release */,
			);
			defaultConfigurationIsVisible = 0;
			defaultConfigurationName = Release;
		};
		CA09CB341F4D1B67008D9630 /* Build configuration list for PBXNativeTarget "benjamin" */ = {
			isa = XCConfigurationList;
			buildConfigurations = (
				CA09CB351F4D1B67008D9630 /* Debug */,
				CA09CB361F4D1B67008D9630 /* Release */,
			);
			defaultConfigurationIsVisible = 0;
			defaultConfigurationName = Release;
		};
/* End XCConfigurationList section */
	};
	rootObject = CA09CB1A1F4D1B66008D9630 /* Project object */;
}
